// !$*UTF8*$!
{
	archiveVersion = 1;
	classes = {
	};
	objectVersion = 46;
	objects = {

/* Begin PBXBuildFile section */
		31DC534EDD31D038D783C097 /* libPods-TelstraTests.a in Frameworks */ = {isa = PBXBuildFile; fileRef = 36C8ECFB6FDA223AD1AA7571 /* libPods-TelstraTests.a */; };
		34C9E61D4D2673E069CF5C6C /* libPods-TelstraUITests.a in Frameworks */ = {isa = PBXBuildFile; fileRef = 4AD4527CE96D1FE8D39918E2 /* libPods-TelstraUITests.a */; };
		6E1376832061405700B9CB03 /* Config in Resources */ = {isa = PBXBuildFile; fileRef = 6E13767F2061405700B9CB03 /* Config */; };
		6E13769C2061455E00B9CB03 /* AppDelegate.m in Sources */ = {isa = PBXBuildFile; fileRef = 6E13769B2061455E00B9CB03 /* AppDelegate.m */; };
		6E9ADA99205FC5FE00F8C4BB /* main.m in Sources */ = {isa = PBXBuildFile; fileRef = 6E9ADA98205FC5FE00F8C4BB /* main.m */; };
		6E9ADAA5205FC5FE00F8C4BB /* Telstra.xcdatamodeld in Sources */ = {isa = PBXBuildFile; fileRef = 6E9ADAA3205FC5FE00F8C4BB /* Telstra.xcdatamodeld */; };
		6E9ADAA7205FC5FE00F8C4BB /* Assets.xcassets in Resources */ = {isa = PBXBuildFile; fileRef = 6E9ADAA6205FC5FE00F8C4BB /* Assets.xcassets */; };
		6E9ADAB5205FC5FE00F8C4BB /* TelstraTests.m in Sources */ = {isa = PBXBuildFile; fileRef = 6E9ADAB4205FC5FE00F8C4BB /* TelstraTests.m */; };
		6E9ADAC0205FC5FE00F8C4BB /* TelstraUITests.m in Sources */ = {isa = PBXBuildFile; fileRef = 6E9ADABF205FC5FE00F8C4BB /* TelstraUITests.m */; };
		6EE0D906206373580025663A /* THomeViewController.m in Sources */ = {isa = PBXBuildFile; fileRef = 6EE0D905206373580025663A /* THomeViewController.m */; };
		6EE0D90D206373BF0025663A /* TFactModel.m in Sources */ = {isa = PBXBuildFile; fileRef = 6EE0D90C206373BF0025663A /* TFactModel.m */; };
		6EE0D913206373F30025663A /* TFactResponse.m in Sources */ = {isa = PBXBuildFile; fileRef = 6EE0D912206373F30025663A /* TFactResponse.m */; };
		6EE0D91B206374470025663A /* TFactsView.m in Sources */ = {isa = PBXBuildFile; fileRef = 6EE0D918206374470025663A /* TFactsView.m */; };
		6EE0D91C206374470025663A /* TFactsViewTableViewCell.m in Sources */ = {isa = PBXBuildFile; fileRef = 6EE0D91A206374470025663A /* TFactsViewTableViewCell.m */; };
		FD9F1994361E7254C6F80B93 /* libPods-Telstra.a in Frameworks */ = {isa = PBXBuildFile; fileRef = 9DD8463A04B9DF1AFF9DAE6A /* libPods-Telstra.a */; };
/* End PBXBuildFile section */

/* Begin PBXContainerItemProxy section */
		6E9ADAB1205FC5FE00F8C4BB /* PBXContainerItemProxy */ = {
			isa = PBXContainerItemProxy;
			containerPortal = 6E9ADA8C205FC5FD00F8C4BB /* Project object */;
			proxyType = 1;
			remoteGlobalIDString = 6E9ADA93205FC5FE00F8C4BB;
			remoteInfo = Telstra;
		};
		6E9ADABC205FC5FE00F8C4BB /* PBXContainerItemProxy */ = {
			isa = PBXContainerItemProxy;
			containerPortal = 6E9ADA8C205FC5FD00F8C4BB /* Project object */;
			proxyType = 1;
			remoteGlobalIDString = 6E9ADA93205FC5FE00F8C4BB;
			remoteInfo = Telstra;
		};
/* End PBXContainerItemProxy section */

/* Begin PBXFileReference section */
		045B54A9C60DCDA6D16A5298 /* Pods-Telstra.release.xcconfig */ = {isa = PBXFileReference; includeInIndex = 1; lastKnownFileType = text.xcconfig; name = "Pods-Telstra.release.xcconfig"; path = "Pods/Target Support Files/Pods-Telstra/Pods-Telstra.release.xcconfig"; sourceTree = "<group>"; };
		36C8ECFB6FDA223AD1AA7571 /* libPods-TelstraTests.a */ = {isa = PBXFileReference; explicitFileType = archive.ar; includeInIndex = 0; path = "libPods-TelstraTests.a"; sourceTree = BUILT_PRODUCTS_DIR; };
		3E84B7A471C960F1A7658BCD /* Pods-TelstraUITests.release.xcconfig */ = {isa = PBXFileReference; includeInIndex = 1; lastKnownFileType = text.xcconfig; name = "Pods-TelstraUITests.release.xcconfig"; path = "Pods/Target Support Files/Pods-TelstraUITests/Pods-TelstraUITests.release.xcconfig"; sourceTree = "<group>"; };
		4AD4527CE96D1FE8D39918E2 /* libPods-TelstraUITests.a */ = {isa = PBXFileReference; explicitFileType = archive.ar; includeInIndex = 0; path = "libPods-TelstraUITests.a"; sourceTree = BUILT_PRODUCTS_DIR; };
		52862BC59E89A167C945EF8C /* Pods-TelstraTests.debug.xcconfig */ = {isa = PBXFileReference; includeInIndex = 1; lastKnownFileType = text.xcconfig; name = "Pods-TelstraTests.debug.xcconfig"; path = "Pods/Target Support Files/Pods-TelstraTests/Pods-TelstraTests.debug.xcconfig"; sourceTree = "<group>"; };
		6E13767F2061405700B9CB03 /* Config */ = {isa = PBXFileReference; lastKnownFileType = folder; path = Config; sourceTree = "<group>"; };
		6E13769A2061455E00B9CB03 /* AppDelegate.h */ = {isa = PBXFileReference; fileEncoding = 4; lastKnownFileType = sourcecode.c.h; path = AppDelegate.h; sourceTree = "<group>"; };
		6E13769B2061455E00B9CB03 /* AppDelegate.m */ = {isa = PBXFileReference; fileEncoding = 4; lastKnownFileType = sourcecode.c.objc; path = AppDelegate.m; sourceTree = "<group>"; };
		6E9ADA94205FC5FE00F8C4BB /* Telstra.app */ = {isa = PBXFileReference; explicitFileType = wrapper.application; includeInIndex = 0; path = Telstra.app; sourceTree = BUILT_PRODUCTS_DIR; };
		6E9ADA98205FC5FE00F8C4BB /* main.m */ = {isa = PBXFileReference; lastKnownFileType = sourcecode.c.objc; path = main.m; sourceTree = "<group>"; };
		6E9ADAA4205FC5FE00F8C4BB /* Telstra.xcdatamodel */ = {isa = PBXFileReference; lastKnownFileType = wrapper.xcdatamodel; path = Telstra.xcdatamodel; sourceTree = "<group>"; };
		6E9ADAA6205FC5FE00F8C4BB /* Assets.xcassets */ = {isa = PBXFileReference; lastKnownFileType = folder.assetcatalog; path = Assets.xcassets; sourceTree = "<group>"; };
		6E9ADAB0205FC5FE00F8C4BB /* TelstraTests.xctest */ = {isa = PBXFileReference; explicitFileType = wrapper.cfbundle; includeInIndex = 0; path = TelstraTests.xctest; sourceTree = BUILT_PRODUCTS_DIR; };
		6E9ADAB4205FC5FE00F8C4BB /* TelstraTests.m */ = {isa = PBXFileReference; lastKnownFileType = sourcecode.c.objc; path = TelstraTests.m; sourceTree = "<group>"; };
		6E9ADAB6205FC5FE00F8C4BB /* Info.plist */ = {isa = PBXFileReference; lastKnownFileType = text.plist.xml; path = Info.plist; sourceTree = "<group>"; };
		6E9ADABB205FC5FE00F8C4BB /* TelstraUITests.xctest */ = {isa = PBXFileReference; explicitFileType = wrapper.cfbundle; includeInIndex = 0; path = TelstraUITests.xctest; sourceTree = BUILT_PRODUCTS_DIR; };
		6E9ADABF205FC5FE00F8C4BB /* TelstraUITests.m */ = {isa = PBXFileReference; lastKnownFileType = sourcecode.c.objc; path = TelstraUITests.m; sourceTree = "<group>"; };
		6E9ADAC1205FC5FE00F8C4BB /* Info.plist */ = {isa = PBXFileReference; lastKnownFileType = text.plist.xml; path = Info.plist; sourceTree = "<group>"; };
		6EE0D904206373580025663A /* THomeViewController.h */ = {isa = PBXFileReference; fileEncoding = 4; lastKnownFileType = sourcecode.c.h; path = THomeViewController.h; sourceTree = "<group>"; };
		6EE0D905206373580025663A /* THomeViewController.m */ = {isa = PBXFileReference; fileEncoding = 4; lastKnownFileType = sourcecode.c.objc; path = THomeViewController.m; sourceTree = "<group>"; };
		6EE0D90B206373BF0025663A /* TFactModel.h */ = {isa = PBXFileReference; fileEncoding = 4; lastKnownFileType = sourcecode.c.h; path = TFactModel.h; sourceTree = "<group>"; };
		6EE0D90C206373BF0025663A /* TFactModel.m */ = {isa = PBXFileReference; fileEncoding = 4; lastKnownFileType = sourcecode.c.objc; path = TFactModel.m; sourceTree = "<group>"; };
		6EE0D911206373F30025663A /* TFactResponse.h */ = {isa = PBXFileReference; fileEncoding = 4; lastKnownFileType = sourcecode.c.h; path = TFactResponse.h; sourceTree = "<group>"; };
		6EE0D912206373F30025663A /* TFactResponse.m */ = {isa = PBXFileReference; fileEncoding = 4; lastKnownFileType = sourcecode.c.objc; path = TFactResponse.m; sourceTree = "<group>"; };
		6EE0D9152063741A0025663A /*  TConstant.h */ = {isa = PBXFileReference; lastKnownFileType = sourcecode.c.h; path = " TConstant.h"; sourceTree = "<group>"; };
		6EE0D917206374470025663A /* TFactsView.h */ = {isa = PBXFileReference; fileEncoding = 4; lastKnownFileType = sourcecode.c.h; path = TFactsView.h; sourceTree = "<group>"; };
		6EE0D918206374470025663A /* TFactsView.m */ = {isa = PBXFileReference; fileEncoding = 4; lastKnownFileType = sourcecode.c.objc; path = TFactsView.m; sourceTree = "<group>"; };
		6EE0D919206374470025663A /* TFactsViewTableViewCell.h */ = {isa = PBXFileReference; fileEncoding = 4; lastKnownFileType = sourcecode.c.h; path = TFactsViewTableViewCell.h; sourceTree = "<group>"; };
		6EE0D91A206374470025663A /* TFactsViewTableViewCell.m */ = {isa = PBXFileReference; fileEncoding = 4; lastKnownFileType = sourcecode.c.objc; path = TFactsViewTableViewCell.m; sourceTree = "<group>"; };
		89BC10C9E3092450A712B230 /* Pods-TelstraUITests.debug.xcconfig */ = {isa = PBXFileReference; includeInIndex = 1; lastKnownFileType = text.xcconfig; name = "Pods-TelstraUITests.debug.xcconfig"; path = "Pods/Target Support Files/Pods-TelstraUITests/Pods-TelstraUITests.debug.xcconfig"; sourceTree = "<group>"; };
		93D89F89DBF1FD3C5FB76E68 /* Pods-Telstra.debug.xcconfig */ = {isa = PBXFileReference; includeInIndex = 1; lastKnownFileType = text.xcconfig; name = "Pods-Telstra.debug.xcconfig"; path = "Pods/Target Support Files/Pods-Telstra/Pods-Telstra.debug.xcconfig"; sourceTree = "<group>"; };
		9DD8463A04B9DF1AFF9DAE6A /* libPods-Telstra.a */ = {isa = PBXFileReference; explicitFileType = archive.ar; includeInIndex = 0; path = "libPods-Telstra.a"; sourceTree = BUILT_PRODUCTS_DIR; };
		EFF293C8276E05CB2FE277D8 /* Pods-TelstraTests.release.xcconfig */ = {isa = PBXFileReference; includeInIndex = 1; lastKnownFileType = text.xcconfig; name = "Pods-TelstraTests.release.xcconfig"; path = "Pods/Target Support Files/Pods-TelstraTests/Pods-TelstraTests.release.xcconfig"; sourceTree = "<group>"; };
/* End PBXFileReference section */

/* Begin PBXFrameworksBuildPhase section */
		6E9ADA91205FC5FE00F8C4BB /* Frameworks */ = {
			isa = PBXFrameworksBuildPhase;
			buildActionMask = 2147483647;
			files = (
				FD9F1994361E7254C6F80B93 /* libPods-Telstra.a in Frameworks */,
			);
			runOnlyForDeploymentPostprocessing = 0;
		};
		6E9ADAAD205FC5FE00F8C4BB /* Frameworks */ = {
			isa = PBXFrameworksBuildPhase;
			buildActionMask = 2147483647;
			files = (
				31DC534EDD31D038D783C097 /* libPods-TelstraTests.a in Frameworks */,
			);
			runOnlyForDeploymentPostprocessing = 0;
		};
		6E9ADAB8205FC5FE00F8C4BB /* Frameworks */ = {
			isa = PBXFrameworksBuildPhase;
			buildActionMask = 2147483647;
			files = (
				34C9E61D4D2673E069CF5C6C /* libPods-TelstraUITests.a in Frameworks */,
			);
			runOnlyForDeploymentPostprocessing = 0;
		};
/* End PBXFrameworksBuildPhase section */

/* Begin PBXGroup section */
		0ED090DCEFBA1908F31C9982 /* Pods */ = {
			isa = PBXGroup;
			children = (
				93D89F89DBF1FD3C5FB76E68 /* Pods-Telstra.debug.xcconfig */,
				045B54A9C60DCDA6D16A5298 /* Pods-Telstra.release.xcconfig */,
				52862BC59E89A167C945EF8C /* Pods-TelstraTests.debug.xcconfig */,
				EFF293C8276E05CB2FE277D8 /* Pods-TelstraTests.release.xcconfig */,
				89BC10C9E3092450A712B230 /* Pods-TelstraUITests.debug.xcconfig */,
				3E84B7A471C960F1A7658BCD /* Pods-TelstraUITests.release.xcconfig */,
			);
			name = Pods;
			sourceTree = "<group>";
		};
		6E13769D2061457700B9CB03 /* AppDelegate */ = {
			isa = PBXGroup;
			children = (
				6E13769A2061455E00B9CB03 /* AppDelegate.h */,
				6E13769B2061455E00B9CB03 /* AppDelegate.m */,
			);
			name = AppDelegate;
			sourceTree = "<group>";
		};
		6E9ADA8B205FC5FD00F8C4BB = {
			isa = PBXGroup;
			children = (
				6E9ADA96205FC5FE00F8C4BB /* Telstra */,
				6E9ADAB3205FC5FE00F8C4BB /* TelstraTests */,
				6E9ADABE205FC5FE00F8C4BB /* TelstraUITests */,
				6E9ADA95205FC5FE00F8C4BB /* Products */,
				0ED090DCEFBA1908F31C9982 /* Pods */,
				CE38C59057D652B444C39A90 /* Frameworks */,
			);
			sourceTree = "<group>";
		};
		6E9ADA95205FC5FE00F8C4BB /* Products */ = {
			isa = PBXGroup;
			children = (
				6E9ADA94205FC5FE00F8C4BB /* Telstra.app */,
				6E9ADAB0205FC5FE00F8C4BB /* TelstraTests.xctest */,
				6E9ADABB205FC5FE00F8C4BB /* TelstraUITests.xctest */,
			);
			name = Products;
			sourceTree = "<group>";
		};
		6E9ADA96205FC5FE00F8C4BB /* Telstra */ = {
			isa = PBXGroup;
			children = (
				6EE0D916206374370025663A /* View */,
				6EE0D914206374090025663A /* Common */,
				6EE0D910206373E30025663A /* Response */,
				6EE0D907206373710025663A /* Modal */,
				6EE0D903206373120025663A /* ViewController */,
				6E13769D2061457700B9CB03 /* AppDelegate */,
				6E13767F2061405700B9CB03 /* Config */,
				6E9ADAA6205FC5FE00F8C4BB /* Assets.xcassets */,
				6E9ADAA3205FC5FE00F8C4BB /* Telstra.xcdatamodeld */,
				6E9ADA97205FC5FE00F8C4BB /* Supporting Files */,
			);
			path = Telstra;
			sourceTree = "<group>";
		};
		6E9ADA97205FC5FE00F8C4BB /* Supporting Files */ = {
			isa = PBXGroup;
			children = (
				6E9ADA98205FC5FE00F8C4BB /* main.m */,
			);
			name = "Supporting Files";
			sourceTree = "<group>";
		};
		6E9ADAB3205FC5FE00F8C4BB /* TelstraTests */ = {
			isa = PBXGroup;
			children = (
				6E9ADAB4205FC5FE00F8C4BB /* TelstraTests.m */,
				6E9ADAB6205FC5FE00F8C4BB /* Info.plist */,
			);
			path = TelstraTests;
			sourceTree = "<group>";
		};
		6E9ADABE205FC5FE00F8C4BB /* TelstraUITests */ = {
			isa = PBXGroup;
			children = (
				6E9ADABF205FC5FE00F8C4BB /* TelstraUITests.m */,
				6E9ADAC1205FC5FE00F8C4BB /* Info.plist */,
			);
			path = TelstraUITests;
			sourceTree = "<group>";
		};
		6EE0D903206373120025663A /* ViewController */ = {
			isa = PBXGroup;
			children = (
				6EE0D904206373580025663A /* THomeViewController.h */,
				6EE0D905206373580025663A /* THomeViewController.m */,
			);
			name = ViewController;
			sourceTree = "<group>";
		};
		6EE0D907206373710025663A /* Modal */ = {
			isa = PBXGroup;
			children = (
				6EE0D90B206373BF0025663A /* TFactModel.h */,
				6EE0D90C206373BF0025663A /* TFactModel.m */,
			);
			name = Modal;
			sourceTree = "<group>";
		};
		6EE0D910206373E30025663A /* Response */ = {
			isa = PBXGroup;
			children = (
				6EE0D911206373F30025663A /* TFactResponse.h */,
				6EE0D912206373F30025663A /* TFactResponse.m */,
			);
			name = Response;
			sourceTree = "<group>";
		};
		6EE0D914206374090025663A /* Common */ = {
			isa = PBXGroup;
			children = (
				6EE0D9152063741A0025663A /*  TConstant.h */,
			);
			name = Common;
			sourceTree = "<group>";
		};
		6EE0D916206374370025663A /* View */ = {
			isa = PBXGroup;
			children = (
				6EE0D917206374470025663A /* TFactsView.h */,
				6EE0D918206374470025663A /* TFactsView.m */,
				6EE0D919206374470025663A /* TFactsViewTableViewCell.h */,
				6EE0D91A206374470025663A /* TFactsViewTableViewCell.m */,
			);
			name = View;
			sourceTree = "<group>";
		};
		CE38C59057D652B444C39A90 /* Frameworks */ = {
			isa = PBXGroup;
			children = (
				9DD8463A04B9DF1AFF9DAE6A /* libPods-Telstra.a */,
				36C8ECFB6FDA223AD1AA7571 /* libPods-TelstraTests.a */,
				4AD4527CE96D1FE8D39918E2 /* libPods-TelstraUITests.a */,
			);
			name = Frameworks;
			sourceTree = "<group>";
		};
/* End PBXGroup section */

/* Begin PBXNativeTarget section */
		6E9ADA93205FC5FE00F8C4BB /* Telstra */ = {
			isa = PBXNativeTarget;
			buildConfigurationList = 6E9ADAC4205FC5FE00F8C4BB /* Build configuration list for PBXNativeTarget "Telstra" */;
			buildPhases = (
				ADB4A6E9EEAC11087FF813D0 /* [CP] Check Pods Manifest.lock */,
				6E9ADA90205FC5FE00F8C4BB /* Sources */,
				6E9ADA91205FC5FE00F8C4BB /* Frameworks */,
				6E9ADA92205FC5FE00F8C4BB /* Resources */,
				91EF1AE95CEDD888A4E0FDAC /* [CP] Embed Pods Frameworks */,
				097998A1DAD6343C7C8CD786 /* [CP] Copy Pods Resources */,
			);
			buildRules = (
			);
			dependencies = (
			);
			name = Telstra;
			productName = Telstra;
			productReference = 6E9ADA94205FC5FE00F8C4BB /* Telstra.app */;
			productType = "com.apple.product-type.application";
		};
		6E9ADAAF205FC5FE00F8C4BB /* TelstraTests */ = {
			isa = PBXNativeTarget;
			buildConfigurationList = 6E9ADAC7205FC5FE00F8C4BB /* Build configuration list for PBXNativeTarget "TelstraTests" */;
			buildPhases = (
				F71DAFD6B8C223C6E2E4E62B /* [CP] Check Pods Manifest.lock */,
				6E9ADAAC205FC5FE00F8C4BB /* Sources */,
				6E9ADAAD205FC5FE00F8C4BB /* Frameworks */,
				6E9ADAAE205FC5FE00F8C4BB /* Resources */,
				EEA280FBA10112C5659C068C /* [CP] Embed Pods Frameworks */,
				3F08FAC17CDAD5D7D8281285 /* [CP] Copy Pods Resources */,
			);
			buildRules = (
			);
			dependencies = (
				6E9ADAB2205FC5FE00F8C4BB /* PBXTargetDependency */,
			);
			name = TelstraTests;
			productName = TelstraTests;
			productReference = 6E9ADAB0205FC5FE00F8C4BB /* TelstraTests.xctest */;
			productType = "com.apple.product-type.bundle.unit-test";
		};
		6E9ADABA205FC5FE00F8C4BB /* TelstraUITests */ = {
			isa = PBXNativeTarget;
			buildConfigurationList = 6E9ADACA205FC5FE00F8C4BB /* Build configuration list for PBXNativeTarget "TelstraUITests" */;
			buildPhases = (
				F8548700986ABBCD97568331 /* [CP] Check Pods Manifest.lock */,
				6E9ADAB7205FC5FE00F8C4BB /* Sources */,
				6E9ADAB8205FC5FE00F8C4BB /* Frameworks */,
				6E9ADAB9205FC5FE00F8C4BB /* Resources */,
				A79283601C569898E0330010 /* [CP] Embed Pods Frameworks */,
				97948A3CA3BB54A6873A26E4 /* [CP] Copy Pods Resources */,
			);
			buildRules = (
			);
			dependencies = (
				6E9ADABD205FC5FE00F8C4BB /* PBXTargetDependency */,
			);
			name = TelstraUITests;
			productName = TelstraUITests;
			productReference = 6E9ADABB205FC5FE00F8C4BB /* TelstraUITests.xctest */;
			productType = "com.apple.product-type.bundle.ui-testing";
		};
/* End PBXNativeTarget section */

/* Begin PBXProject section */
		6E9ADA8C205FC5FD00F8C4BB /* Project object */ = {
			isa = PBXProject;
			attributes = {
				LastUpgradeCheck = 0820;
				ORGANIZATIONNAME = AnupamRao;
				TargetAttributes = {
					6E9ADA93205FC5FE00F8C4BB = {
						CreatedOnToolsVersion = 8.2;
						ProvisioningStyle = Automatic;
					};
					6E9ADAAF205FC5FE00F8C4BB = {
						CreatedOnToolsVersion = 8.2;
						ProvisioningStyle = Automatic;
						TestTargetID = 6E9ADA93205FC5FE00F8C4BB;
					};
					6E9ADABA205FC5FE00F8C4BB = {
						CreatedOnToolsVersion = 8.2;
						ProvisioningStyle = Automatic;
						TestTargetID = 6E9ADA93205FC5FE00F8C4BB;
					};
				};
			};
			buildConfigurationList = 6E9ADA8F205FC5FD00F8C4BB /* Build configuration list for PBXProject "Telstra" */;
			compatibilityVersion = "Xcode 3.2";
			developmentRegion = English;
			hasScannedForEncodings = 0;
			knownRegions = (
				en,
				Base,
			);
			mainGroup = 6E9ADA8B205FC5FD00F8C4BB;
			productRefGroup = 6E9ADA95205FC5FE00F8C4BB /* Products */;
			projectDirPath = "";
			projectRoot = "";
			targets = (
				6E9ADA93205FC5FE00F8C4BB /* Telstra */,
				6E9ADAAF205FC5FE00F8C4BB /* TelstraTests */,
				6E9ADABA205FC5FE00F8C4BB /* TelstraUITests */,
			);
		};
/* End PBXProject section */

/* Begin PBXResourcesBuildPhase section */
		6E9ADA92205FC5FE00F8C4BB /* Resources */ = {
			isa = PBXResourcesBuildPhase;
			buildActionMask = 2147483647;
			files = (
				6E1376832061405700B9CB03 /* Config in Resources */,
				6E9ADAA7205FC5FE00F8C4BB /* Assets.xcassets in Resources */,
			);
			runOnlyForDeploymentPostprocessing = 0;
		};
		6E9ADAAE205FC5FE00F8C4BB /* Resources */ = {
			isa = PBXResourcesBuildPhase;
			buildActionMask = 2147483647;
			files = (
			);
			runOnlyForDeploymentPostprocessing = 0;
		};
		6E9ADAB9205FC5FE00F8C4BB /* Resources */ = {
			isa = PBXResourcesBuildPhase;
			buildActionMask = 2147483647;
			files = (
			);
			runOnlyForDeploymentPostprocessing = 0;
		};
/* End PBXResourcesBuildPhase section */

/* Begin PBXShellScriptBuildPhase section */
		097998A1DAD6343C7C8CD786 /* [CP] Copy Pods Resources */ = {
			isa = PBXShellScriptBuildPhase;
			buildActionMask = 2147483647;
			files = (
			);
			inputPaths = (
			);
			name = "[CP] Copy Pods Resources";
			outputPaths = (
			);
			runOnlyForDeploymentPostprocessing = 0;
			shellPath = /bin/sh;
			shellScript = "\"${SRCROOT}/Pods/Target Support Files/Pods-Telstra/Pods-Telstra-resources.sh\"\n";
			showEnvVarsInLog = 0;
		};
		3F08FAC17CDAD5D7D8281285 /* [CP] Copy Pods Resources */ = {
			isa = PBXShellScriptBuildPhase;
			buildActionMask = 2147483647;
			files = (
			);
			inputPaths = (
			);
			name = "[CP] Copy Pods Resources";
			outputPaths = (
			);
			runOnlyForDeploymentPostprocessing = 0;
			shellPath = /bin/sh;
			shellScript = "\"${SRCROOT}/Pods/Target Support Files/Pods-TelstraTests/Pods-TelstraTests-resources.sh\"\n";
			showEnvVarsInLog = 0;
		};
		91EF1AE95CEDD888A4E0FDAC /* [CP] Embed Pods Frameworks */ = {
			isa = PBXShellScriptBuildPhase;
			buildActionMask = 2147483647;
			files = (
			);
			inputPaths = (
			);
			name = "[CP] Embed Pods Frameworks";
			outputPaths = (
			);
			runOnlyForDeploymentPostprocessing = 0;
			shellPath = /bin/sh;
			shellScript = "\"${SRCROOT}/Pods/Target Support Files/Pods-Telstra/Pods-Telstra-frameworks.sh\"\n";
			showEnvVarsInLog = 0;
		};
		97948A3CA3BB54A6873A26E4 /* [CP] Copy Pods Resources */ = {
			isa = PBXShellScriptBuildPhase;
			buildActionMask = 2147483647;
			files = (
			);
			inputPaths = (
			);
			name = "[CP] Copy Pods Resources";
			outputPaths = (
			);
			runOnlyForDeploymentPostprocessing = 0;
			shellPath = /bin/sh;
			shellScript = "\"${SRCROOT}/Pods/Target Support Files/Pods-TelstraUITests/Pods-TelstraUITests-resources.sh\"\n";
			showEnvVarsInLog = 0;
		};
		A79283601C569898E0330010 /* [CP] Embed Pods Frameworks */ = {
			isa = PBXShellScriptBuildPhase;
			buildActionMask = 2147483647;
			files = (
			);
			inputPaths = (
			);
			name = "[CP] Embed Pods Frameworks";
			outputPaths = (
			);
			runOnlyForDeploymentPostprocessing = 0;
			shellPath = /bin/sh;
			shellScript = "\"${SRCROOT}/Pods/Target Support Files/Pods-TelstraUITests/Pods-TelstraUITests-frameworks.sh\"\n";
			showEnvVarsInLog = 0;
		};
		ADB4A6E9EEAC11087FF813D0 /* [CP] Check Pods Manifest.lock */ = {
			isa = PBXShellScriptBuildPhase;
			buildActionMask = 2147483647;
			files = (
			);
			inputPaths = (
			);
			name = "[CP] Check Pods Manifest.lock";
			outputPaths = (
			);
			runOnlyForDeploymentPostprocessing = 0;
			shellPath = /bin/sh;
			shellScript = "diff \"${PODS_ROOT}/../Podfile.lock\" \"${PODS_ROOT}/Manifest.lock\" > /dev/null\nif [ $? != 0 ] ; then\n    # print error to STDERR\n    echo \"error: The sandbox is not in sync with the Podfile.lock. Run 'pod install' or update your CocoaPods installation.\" >&2\n    exit 1\nfi\n";
			showEnvVarsInLog = 0;
		};
		EEA280FBA10112C5659C068C /* [CP] Embed Pods Frameworks */ = {
			isa = PBXShellScriptBuildPhase;
			buildActionMask = 2147483647;
			files = (
			);
			inputPaths = (
			);
			name = "[CP] Embed Pods Frameworks";
			outputPaths = (
			);
			runOnlyForDeploymentPostprocessing = 0;
			shellPath = /bin/sh;
			shellScript = "\"${SRCROOT}/Pods/Target Support Files/Pods-TelstraTests/Pods-TelstraTests-frameworks.sh\"\n";
			showEnvVarsInLog = 0;
		};
		F71DAFD6B8C223C6E2E4E62B /* [CP] Check Pods Manifest.lock */ = {
			isa = PBXShellScriptBuildPhase;
			buildActionMask = 2147483647;
			files = (
			);
			inputPaths = (
			);
			name = "[CP] Check Pods Manifest.lock";
			outputPaths = (
			);
			runOnlyForDeploymentPostprocessing = 0;
			shellPath = /bin/sh;
			shellScript = "diff \"${PODS_ROOT}/../Podfile.lock\" \"${PODS_ROOT}/Manifest.lock\" > /dev/null\nif [ $? != 0 ] ; then\n    # print error to STDERR\n    echo \"error: The sandbox is not in sync with the Podfile.lock. Run 'pod install' or update your CocoaPods installation.\" >&2\n    exit 1\nfi\n";
			showEnvVarsInLog = 0;
		};
		F8548700986ABBCD97568331 /* [CP] Check Pods Manifest.lock */ = {
			isa = PBXShellScriptBuildPhase;
			buildActionMask = 2147483647;
			files = (
			);
			inputPaths = (
			);
			name = "[CP] Check Pods Manifest.lock";
			outputPaths = (
			);
			runOnlyForDeploymentPostprocessing = 0;
			shellPath = /bin/sh;
			shellScript = "diff \"${PODS_ROOT}/../Podfile.lock\" \"${PODS_ROOT}/Manifest.lock\" > /dev/null\nif [ $? != 0 ] ; then\n    # print error to STDERR\n    echo \"error: The sandbox is not in sync with the Podfile.lock. Run 'pod install' or update your CocoaPods installation.\" >&2\n    exit 1\nfi\n";
			showEnvVarsInLog = 0;
		};
/* End PBXShellScriptBuildPhase section */

/* Begin PBXSourcesBuildPhase section */
		6E9ADA90205FC5FE00F8C4BB /* Sources */ = {
			isa = PBXSourcesBuildPhase;
			buildActionMask = 2147483647;
			files = (
				6EE0D90D206373BF0025663A /* TFactModel.m in Sources */,
				6EE0D906206373580025663A /* THomeViewController.m in Sources */,
				6E9ADA99205FC5FE00F8C4BB /* main.m in Sources */,
				6EE0D913206373F30025663A /* TFactResponse.m in Sources */,
				6EE0D91B206374470025663A /* TFactsView.m in Sources */,
				6E9ADAA5205FC5FE00F8C4BB /* Telstra.xcdatamodeld in Sources */,
				6E13769C2061455E00B9CB03 /* AppDelegate.m in Sources */,
				6EE0D91C206374470025663A /* TFactsViewTableViewCell.m in Sources */,
			);
			runOnlyForDeploymentPostprocessing = 0;
		};
		6E9ADAAC205FC5FE00F8C4BB /* Sources */ = {
			isa = PBXSourcesBuildPhase;
			buildActionMask = 2147483647;
			files = (
				6E9ADAB5205FC5FE00F8C4BB /* TelstraTests.m in Sources */,
			);
			runOnlyForDeploymentPostprocessing = 0;
		};
		6E9ADAB7205FC5FE00F8C4BB /* Sources */ = {
			isa = PBXSourcesBuildPhase;
			buildActionMask = 2147483647;
			files = (
				6E9ADAC0205FC5FE00F8C4BB /* TelstraUITests.m in Sources */,
			);
			runOnlyForDeploymentPostprocessing = 0;
		};
/* End PBXSourcesBuildPhase section */

/* Begin PBXTargetDependency section */
		6E9ADAB2205FC5FE00F8C4BB /* PBXTargetDependency */ = {
			isa = PBXTargetDependency;
			target = 6E9ADA93205FC5FE00F8C4BB /* Telstra */;
			targetProxy = 6E9ADAB1205FC5FE00F8C4BB /* PBXContainerItemProxy */;
		};
		6E9ADABD205FC5FE00F8C4BB /* PBXTargetDependency */ = {
			isa = PBXTargetDependency;
			target = 6E9ADA93205FC5FE00F8C4BB /* Telstra */;
			targetProxy = 6E9ADABC205FC5FE00F8C4BB /* PBXContainerItemProxy */;
		};
/* End PBXTargetDependency section */

/* Begin XCBuildConfiguration section */
		6E9ADAC2205FC5FE00F8C4BB /* Debug */ = {
			isa = XCBuildConfiguration;
			buildSettings = {
				ALWAYS_SEARCH_USER_PATHS = NO;
				CLANG_ANALYZER_NONNULL = YES;
				CLANG_CXX_LANGUAGE_STANDARD = "gnu++0x";
				CLANG_CXX_LIBRARY = "libc++";
				CLANG_ENABLE_MODULES = YES;
				CLANG_ENABLE_OBJC_ARC = YES;
				CLANG_WARN_BOOL_CONVERSION = YES;
				CLANG_WARN_CONSTANT_CONVERSION = YES;
				CLANG_WARN_DIRECT_OBJC_ISA_USAGE = YES_ERROR;
				CLANG_WARN_DOCUMENTATION_COMMENTS = YES;
				CLANG_WARN_EMPTY_BODY = YES;
				CLANG_WARN_ENUM_CONVERSION = YES;
				CLANG_WARN_INFINITE_RECURSION = YES;
				CLANG_WARN_INT_CONVERSION = YES;
				CLANG_WARN_OBJC_ROOT_CLASS = YES_ERROR;
				CLANG_WARN_SUSPICIOUS_MOVE = YES;
				CLANG_WARN_UNREACHABLE_CODE = YES;
				CLANG_WARN__DUPLICATE_METHOD_MATCH = YES;
				"CODE_SIGN_IDENTITY[sdk=iphoneos*]" = "iPhone Developer";
				COPY_PHASE_STRIP = NO;
				DEBUG_INFORMATION_FORMAT = dwarf;
				ENABLE_STRICT_OBJC_MSGSEND = YES;
				ENABLE_TESTABILITY = YES;
				GCC_C_LANGUAGE_STANDARD = gnu99;
				GCC_DYNAMIC_NO_PIC = NO;
				GCC_NO_COMMON_BLOCKS = YES;
				GCC_OPTIMIZATION_LEVEL = 0;
				GCC_PREPROCESSOR_DEFINITIONS = (
					"DEBUG=1",
					"$(inherited)",
				);
				GCC_WARN_64_TO_32_BIT_CONVERSION = YES;
				GCC_WARN_ABOUT_RETURN_TYPE = YES_ERROR;
				GCC_WARN_UNDECLARED_SELECTOR = YES;
				GCC_WARN_UNINITIALIZED_AUTOS = YES_AGGRESSIVE;
				GCC_WARN_UNUSED_FUNCTION = YES;
				GCC_WARN_UNUSED_VARIABLE = YES;
				IPHONEOS_DEPLOYMENT_TARGET = 10.2;
				MTL_ENABLE_DEBUG_INFO = YES;
				ONLY_ACTIVE_ARCH = YES;
				SDKROOT = iphoneos;
				TARGETED_DEVICE_FAMILY = "1,2";
			};
			name = Debug;
		};
		6E9ADAC3205FC5FE00F8C4BB /* Release */ = {
			isa = XCBuildConfiguration;
			buildSettings = {
				ALWAYS_SEARCH_USER_PATHS = NO;
				CLANG_ANALYZER_NONNULL = YES;
				CLANG_CXX_LANGUAGE_STANDARD = "gnu++0x";
				CLANG_CXX_LIBRARY = "libc++";
				CLANG_ENABLE_MODULES = YES;
				CLANG_ENABLE_OBJC_ARC = YES;
				CLANG_WARN_BOOL_CONVERSION = YES;
				CLANG_WARN_CONSTANT_CONVERSION = YES;
				CLANG_WARN_DIRECT_OBJC_ISA_USAGE = YES_ERROR;
				CLANG_WARN_DOCUMENTATION_COMMENTS = YES;
				CLANG_WARN_EMPTY_BODY = YES;
				CLANG_WARN_ENUM_CONVERSION = YES;
				CLANG_WARN_INFINITE_RECURSION = YES;
				CLANG_WARN_INT_CONVERSION = YES;
				CLANG_WARN_OBJC_ROOT_CLASS = YES_ERROR;
				CLANG_WARN_SUSPICIOUS_MOVE = YES;
				CLANG_WARN_UNREACHABLE_CODE = YES;
				CLANG_WARN__DUPLICATE_METHOD_MATCH = YES;
				"CODE_SIGN_IDENTITY[sdk=iphoneos*]" = "iPhone Developer";
				COPY_PHASE_STRIP = NO;
				DEBUG_INFORMATION_FORMAT = "dwarf-with-dsym";
				ENABLE_NS_ASSERTIONS = NO;
				ENABLE_STRICT_OBJC_MSGSEND = YES;
				GCC_C_LANGUAGE_STANDARD = gnu99;
				GCC_NO_COMMON_BLOCKS = YES;
				GCC_WARN_64_TO_32_BIT_CONVERSION = YES;
				GCC_WARN_ABOUT_RETURN_TYPE = YES_ERROR;
				GCC_WARN_UNDECLARED_SELECTOR = YES;
				GCC_WARN_UNINITIALIZED_AUTOS = YES_AGGRESSIVE;
				GCC_WARN_UNUSED_FUNCTION = YES;
				GCC_WARN_UNUSED_VARIABLE = YES;
				IPHONEOS_DEPLOYMENT_TARGET = 10.2;
				MTL_ENABLE_DEBUG_INFO = NO;
				SDKROOT = iphoneos;
				TARGETED_DEVICE_FAMILY = "1,2";
				VALIDATE_PRODUCT = YES;
			};
			name = Release;
		};
		6E9ADAC5205FC5FE00F8C4BB /* Debug */ = {
			isa = XCBuildConfiguration;
			baseConfigurationReference = 93D89F89DBF1FD3C5FB76E68 /* Pods-Telstra.debug.xcconfig */;
			buildSettings = {
				ASSETCATALOG_COMPILER_APPICON_NAME = AppIcon;
				INFOPLIST_FILE = "$(SRCROOT)/Telstra/Config/Info.plist";
				LD_RUNPATH_SEARCH_PATHS = "$(inherited) @executable_path/Frameworks";
				PRODUCT_BUNDLE_IDENTIFIER = AnupamRao.Telstra;
				PRODUCT_NAME = "$(TARGET_NAME)";
			};
			name = Debug;
		};
		6E9ADAC6205FC5FE00F8C4BB /* Release */ = {
			isa = XCBuildConfiguration;
			baseConfigurationReference = 045B54A9C60DCDA6D16A5298 /* Pods-Telstra.release.xcconfig */;
			buildSettings = {
				ASSETCATALOG_COMPILER_APPICON_NAME = AppIcon;
				INFOPLIST_FILE = "$(SRCROOT)/Telstra/Config/Info.plist";
				LD_RUNPATH_SEARCH_PATHS = "$(inherited) @executable_path/Frameworks";
				PRODUCT_BUNDLE_IDENTIFIER = AnupamRao.Telstra;
				PRODUCT_NAME = "$(TARGET_NAME)";
			};
			name = Release;
		};
		6E9ADAC8205FC5FE00F8C4BB /* Debug */ = {
			isa = XCBuildConfiguration;
			baseConfigurationReference = 52862BC59E89A167C945EF8C /* Pods-TelstraTests.debug.xcconfig */;
			buildSettings = {
				BUNDLE_LOADER = "$(TEST_HOST)";
				INFOPLIST_FILE = TelstraTests/Info.plist;
				LD_RUNPATH_SEARCH_PATHS = "$(inherited) @executable_path/Frameworks @loader_path/Frameworks";
				PRODUCT_BUNDLE_IDENTIFIER = AnupamRao.TelstraTests;
				PRODUCT_NAME = "$(TARGET_NAME)";
				TEST_HOST = "$(BUILT_PRODUCTS_DIR)/Telstra.app/Telstra";
			};
			name = Debug;
		};
		6E9ADAC9205FC5FE00F8C4BB /* Release */ = {
			isa = XCBuildConfiguration;
			baseConfigurationReference = EFF293C8276E05CB2FE277D8 /* Pods-TelstraTests.release.xcconfig */;
			buildSettings = {
				BUNDLE_LOADER = "$(TEST_HOST)";
				INFOPLIST_FILE = TelstraTests/Info.plist;
				LD_RUNPATH_SEARCH_PATHS = "$(inherited) @executable_path/Frameworks @loader_path/Frameworks";
				PRODUCT_BUNDLE_IDENTIFIER = AnupamRao.TelstraTests;
				PRODUCT_NAME = "$(TARGET_NAME)";
				TEST_HOST = "$(BUILT_PRODUCTS_DIR)/Telstra.app/Telstra";
			};
			name = Release;
		};
		6E9ADACB205FC5FE00F8C4BB /* Debug */ = {
			isa = XCBuildConfiguration;
			baseConfigurationReference = 89BC10C9E3092450A712B230 /* Pods-TelstraUITests.debug.xcconfig */;
			buildSettings = {
				INFOPLIST_FILE = TelstraUITests/Info.plist;
				LD_RUNPATH_SEARCH_PATHS = "$(inherited) @executable_path/Frameworks @loader_path/Frameworks";
				PRODUCT_BUNDLE_IDENTIFIER = AnupamRao.TelstraUITests;
				PRODUCT_NAME = "$(TARGET_NAME)";
				TEST_TARGET_NAME = Telstra;
			};
			name = Debug;
		};
		6E9ADACC205FC5FE00F8C4BB /* Release */ = {
			isa = XCBuildConfiguration;
			baseConfigurationReference = 3E84B7A471C960F1A7658BCD /* Pods-TelstraUITests.release.xcconfig */;
			buildSettings = {
				INFOPLIST_FILE = TelstraUITests/Info.plist;
				LD_RUNPATH_SEARCH_PATHS = "$(inherited) @executable_path/Frameworks @loader_path/Frameworks";
				PRODUCT_BUNDLE_IDENTIFIER = AnupamRao.TelstraUITests;
				PRODUCT_NAME = "$(TARGET_NAME)";
				TEST_TARGET_NAME = Telstra;
			};
			name = Release;
		};
/* End XCBuildConfiguration section */

/* Begin XCConfigurationList section */
		6E9ADA8F205FC5FD00F8C4BB /* Build configuration list for PBXProject "Telstra" */ = {
			isa = XCConfigurationList;
			buildConfigurations = (
				6E9ADAC2205FC5FE00F8C4BB /* Debug */,
				6E9ADAC3205FC5FE00F8C4BB /* Release */,
			);
			defaultConfigurationIsVisible = 0;
			defaultConfigurationName = Release;
		};
		6E9ADAC4205FC5FE00F8C4BB /* Build configuration list for PBXNativeTarget "Telstra" */ = {
			isa = XCConfigurationList;
			buildConfigurations = (
				6E9ADAC5205FC5FE00F8C4BB /* Debug */,
				6E9ADAC6205FC5FE00F8C4BB /* Release */,
			);
			defaultConfigurationIsVisible = 0;
			defaultConfigurationName = Release;
		};
		6E9ADAC7205FC5FE00F8C4BB /* Build configuration list for PBXNativeTarget "TelstraTests" */ = {
			isa = XCConfigurationList;
			buildConfigurations = (
				6E9ADAC8205FC5FE00F8C4BB /* Debug */,
				6E9ADAC9205FC5FE00F8C4BB /* Release */,
			);
			defaultConfigurationIsVisible = 0;
			defaultConfigurationName = Release;
		};
		6E9ADACA205FC5FE00F8C4BB /* Build configuration list for PBXNativeTarget "TelstraUITests" */ = {
			isa = XCConfigurationList;
			buildConfigurations = (
				6E9ADACB205FC5FE00F8C4BB /* Debug */,
				6E9ADACC205FC5FE00F8C4BB /* Release */,
			);
			defaultConfigurationIsVisible = 0;
			defaultConfigurationName = Release;
		};
/* End XCConfigurationList section */

/* Begin XCVersionGroup section */
		6E9ADAA3205FC5FE00F8C4BB /* Telstra.xcdatamodeld */ = {
			isa = XCVersionGroup;
			children = (
				6E9ADAA4205FC5FE00F8C4BB /* Telstra.xcdatamodel */,
			);
			currentVersion = 6E9ADAA4205FC5FE00F8C4BB /* Telstra.xcdatamodel */;
			path = Telstra.xcdatamodeld;
			sourceTree = "<group>";
			versionGroupType = wrapper.xcdatamodel;
		};
/* End XCVersionGroup section */
	};
	rootObject = 6E9ADA8C205FC5FD00F8C4BB /* Project object */;
}
